<?xml version="1.0" encoding="utf-8"?>
<Project ToolsVersion="4.0" xmlns="http://schemas.microsoft.com/developer/msbuild/2003">
  <ItemGroup>
    <Filter Include="Source">
      <UniqueIdentifier>{224f6d71-a779-4847-96e3-dd5174ed3843}</UniqueIdentifier>
    </Filter>
    <Filter Include="Source\Main">
      <UniqueIdentifier>{93995380-89BD-4b04-88EB-625FBE52EBFB}</UniqueIdentifier>
      <Extensions>h;hh;hpp;hxx;h++;hm;inl;inc;ipp;xsd</Extensions>
    </Filter>
    <Filter Include="Source\Player">
      <UniqueIdentifier>{0415acc2-923c-4306-a4d9-2e623e1a87f7}</UniqueIdentifier>
    </Filter>
    <Filter Include="Source\Enviroment">
      <UniqueIdentifier>{4b5a5dad-9a61-4006-a6f9-a2175d8392b5}</UniqueIdentifier>
    </Filter>
    <Filter Include="Source\Enemy">
      <UniqueIdentifier>{9850b0e2-6fe5-4530-846b-28852ca5bb18}</UniqueIdentifier>
    </Filter>
    <Filter Include="Source\Effect">
      <UniqueIdentifier>{9a96e6bd-6d38-4417-9f8c-78b3671425ce}</UniqueIdentifier>
    </Filter>
    <Filter Include="Source\Enemy\EnemyAnim">
      <UniqueIdentifier>{41317dc6-4448-4d46-9a0c-1a5d2cf56d3c}</UniqueIdentifier>
    </Filter>
    <Filter Include="Source\Enemy\EnemyMain">
      <UniqueIdentifier>{c3aca5b4-e322-47d6-a99c-52d3dc80b675}</UniqueIdentifier>
    </Filter>
    <Filter Include="Source\Enemy\Attack">
      <UniqueIdentifier>{749d2365-15f5-405a-b3de-71ba99bc7abf}</UniqueIdentifier>
    </Filter>
    <Filter Include="Source\Enemy\Attack\FireAttack">
      <UniqueIdentifier>{d202304d-16be-4472-8ccc-7848be52d806}</UniqueIdentifier>
    </Filter>
    <Filter Include="Source\Enemy\Attack\WaterAttack">
      <UniqueIdentifier>{4ac79ae0-a41c-4374-81c2-414a394c0b0c}</UniqueIdentifier>
    </Filter>
    <Filter Include="Source\Enemy\Attack\WindAttack">
      <UniqueIdentifier>{0dff3031-7e98-4e45-abe9-72a01bb6feab}</UniqueIdentifier>
    </Filter>
    <Filter Include="Source\Player\PlayerAttack">
      <UniqueIdentifier>{4bf2b29d-4759-4dee-932f-c2a54822d97c}</UniqueIdentifier>
    </Filter>
    <Filter Include="Source\Player\PlayerAttack\FIreAttack">
      <UniqueIdentifier>{4c4d7f5f-1178-41c4-84ce-5b266c9ff37d}</UniqueIdentifier>
    </Filter>
    <Filter Include="Source\Player\PlayerAttack\WaterAttack">
      <UniqueIdentifier>{61dd3c34-fc31-4dd8-968b-caded6adf2c8}</UniqueIdentifier>
    </Filter>
    <Filter Include="Source\Player\PlayerAttack\WindAttack">
      <UniqueIdentifier>{71682075-220a-4b7d-995d-c0e33b4d4326}</UniqueIdentifier>
    </Filter>
    <Filter Include="Source\Main\System">
      <UniqueIdentifier>{eeefdd8d-89b9-47e3-ab37-8ba59922a780}</UniqueIdentifier>
    </Filter>
    <Filter Include="Source\Objectpool">
      <UniqueIdentifier>{4bc1a9ed-ff26-43fc-b5ad-590e1f29b94d}</UniqueIdentifier>
    </Filter>
    <Filter Include="Source\Bullet">
      <UniqueIdentifier>{250412c5-26fd-4653-b8b1-dd211a33267f}</UniqueIdentifier>
    </Filter>
    <Filter Include="Source\Animation">
      <UniqueIdentifier>{13ee802c-f83c-437d-9a5a-c95d4c6f88a1}</UniqueIdentifier>
    </Filter>
    <Filter Include="Source\Player\PlayeMove">
      <UniqueIdentifier>{859f44c8-49cd-4f4c-bc52-b81b88726213}</UniqueIdentifier>
    </Filter>
    <Filter Include="Source\Player\PlayerAnimation">
      <UniqueIdentifier>{b28e728e-7b8f-46d1-9c0c-ac488fd616c8}</UniqueIdentifier>
    </Filter>
    <Filter Include="Source\HitChecker">
      <UniqueIdentifier>{62a7a06e-94ee-4cbd-82fc-c7dab428aa34}</UniqueIdentifier>
    </Filter>
    <Filter Include="Source\Camera">
      <UniqueIdentifier>{d7389364-5639-41a4-8067-04c4a67b38df}</UniqueIdentifier>
    </Filter>
    <Filter Include="Source\Ui">
      <UniqueIdentifier>{3d68075f-83e6-49c9-9d93-4e8448ad77e5}</UniqueIdentifier>
    </Filter>
    <Filter Include="Source\Enemy\Chase">
      <UniqueIdentifier>{67e27fb9-6c0a-4ce2-a4c9-d67c56fadb26}</UniqueIdentifier>
    </Filter>
  </ItemGroup>
  <ItemGroup>
    <ClCompile Include="main.cpp">
      <Filter>Source\Main</Filter>
    </ClCompile>
    <ClCompile Include="PlayerBase.cpp">
      <Filter>Source\Player</Filter>
    </ClCompile>
    <ClCompile Include="Input.cpp">
      <Filter>Source\Main\System</Filter>
    </ClCompile>
    <ClCompile Include="Skydome.cpp">
      <Filter>Source\Enviroment</Filter>
    </ClCompile>
    <ClCompile Include="Stage.cpp">
      <Filter>Source\Enviroment</Filter>
    </ClCompile>
    <ClCompile Include="EffectBase.cpp">
      <Filter>Source\Effect</Filter>
    </ClCompile>
    <ClCompile Include="EnemyAnimater.cpp">
      <Filter>Source\Enemy\EnemyAnim</Filter>
    </ClCompile>
    <ClCompile Include="EnemuyWaterAattack.cpp">
      <Filter>Source\Enemy\Attack\WaterAttack</Filter>
    </ClCompile>
    <ClCompile Include="EnemyBase.cpp">
      <Filter>Source\Enemy\EnemyMain</Filter>
    </ClCompile>
    <ClCompile Include="EnemyAttackBase.cpp">
      <Filter>Source\Enemy\Attack</Filter>
    </ClCompile>
    <ClCompile Include="Shadow.cpp">
      <Filter>Source\Main\System</Filter>
    </ClCompile>
    <ClCompile Include="Color.cpp">
      <Filter>Source\Main\System</Filter>
    </ClCompile>
    <ClCompile Include="EnemyAttackManager.cpp">
      <Filter>Source\Enemy\Attack</Filter>
    </ClCompile>
    <ClCompile Include="EnemyFIreAttack.cpp">
      <Filter>Source\Enemy\Attack\FireAttack</Filter>
    </ClCompile>
    <ClCompile Include="EnemyWindAttack.cpp">
      <Filter>Source\Enemy\Attack\WindAttack</Filter>
    </ClCompile>
    <ClCompile Include="PlayerAttackManager.cpp">
      <Filter>Source\Player\PlayerAttack</Filter>
    </ClCompile>
    <ClCompile Include="PlayerAttackBase.cpp">
      <Filter>Source\Player\PlayerAttack</Filter>
    </ClCompile>
    <ClCompile Include="PlayerFireAttack.cpp">
      <Filter>Source\Player\PlayerAttack\FIreAttack</Filter>
    </ClCompile>
    <ClCompile Include="PlayerWaterAttack.cpp">
      <Filter>Source\Player\PlayerAttack\WaterAttack</Filter>
    </ClCompile>
    <ClCompile Include="PlayeWindAttack.cpp">
      <Filter>Source\Player\PlayerAttack\WindAttack</Filter>
    </ClCompile>
    <ClCompile Include="ObjectPool.cpp">
      <Filter>Source\Objectpool</Filter>
    </ClCompile>
    <ClCompile Include="BulletManager.cpp">
      <Filter>Source\Bullet</Filter>
    </ClCompile>
    <ClCompile Include="AnimaterBase.cpp">
      <Filter>Source\Animation</Filter>
    </ClCompile>
    <ClCompile Include="PlayerMove.cpp">
      <Filter>Source\Player\PlayeMove</Filter>
    </ClCompile>
    <ClCompile Include="PlayerAnimater.cpp">
      <Filter>Source\Player\PlayerAnimation</Filter>
    </ClCompile>
    <ClCompile Include="Bullet.cpp">
      <Filter>Source\Bullet</Filter>
    </ClCompile>
    <ClCompile Include="HitChecker.cpp">
      <Filter>Source\HitChecker</Filter>
    </ClCompile>
    <ClCompile Include="Camera.cpp">
      <Filter>Source\Camera</Filter>
    </ClCompile>
    <ClCompile Include="UiManager.cpp">
      <Filter>Source\Ui</Filter>
    </ClCompile>
    <ClCompile Include="UiBase.cpp">
      <Filter>Source\Ui</Filter>
    </ClCompile>
    <ClCompile Include="Chase.cpp">
      <Filter>Source\Enemy\Chase</Filter>
    </ClCompile>
    <ClCompile Include="GameManager.cpp">
      <Filter>Source</Filter>
    </ClCompile>
    <ClCompile Include="Sound.cpp">
      <Filter>Source</Filter>
    </ClCompile>
  </ItemGroup>
  <ItemGroup>
    <ClInclude Include="PlayerBase.hpp">
      <Filter>Source\Player</Filter>
    </ClInclude>
    <ClInclude Include="Input.hpp">
      <Filter>Source\Main\System</Filter>
    </ClInclude>
    <ClInclude Include="json.hpp">
      <Filter>Source\Main\System</Filter>
    </ClInclude>
    <ClInclude Include="Skydome.hpp">
      <Filter>Source\Enviroment</Filter>
    </ClInclude>
    <ClInclude Include="Stage.hpp">
      <Filter>Source\Enviroment</Filter>
    </ClInclude>
    <ClInclude Include="EffectBase.hpp">
      <Filter>Source\Effect</Filter>
    </ClInclude>
    <ClInclude Include="EnemyAnimater.hpp">
      <Filter>Source\Enemy\EnemyAnim</Filter>
    </ClInclude>
    <ClInclude Include="EnemyWaterAttack.hpp">
      <Filter>Source\Enemy\Attack\WaterAttack</Filter>
    </ClInclude>
    <ClInclude Include="EnemyBase.hpp">
      <Filter>Source\Enemy\EnemyMain</Filter>
    </ClInclude>
    <ClInclude Include="EnemyAttackBase.hpp">
      <Filter>Source\Enemy\Attack</Filter>
    </ClInclude>
    <ClInclude Include="Shadow.hpp">
      <Filter>Source\Main\System</Filter>
    </ClInclude>
    <ClInclude Include="Pallet.hpp">
      <Filter>Source\Main\System</Filter>
    </ClInclude>
    <ClInclude Include="Color.hpp">
      <Filter>Source\Main\System</Filter>
    </ClInclude>
    <ClInclude Include="EnemyAttackManager.hpp">
      <Filter>Source\Enemy\Attack</Filter>
    </ClInclude>
    <ClInclude Include="EnemyFireAttack.hpp">
      <Filter>Source\Enemy\Attack\FireAttack</Filter>
    </ClInclude>
    <ClInclude Include="EnemyWindAttack.hpp">
      <Filter>Source\Enemy\Attack\WindAttack</Filter>
    </ClInclude>
    <ClInclude Include="PlayerAttackManager.hpp">
      <Filter>Source\Player\PlayerAttack</Filter>
    </ClInclude>
    <ClInclude Include="PlayerAttackBase.hpp">
      <Filter>Source\Player\PlayerAttack</Filter>
    </ClInclude>
    <ClInclude Include="PlayerFireAttack.hpp">
      <Filter>Source\Player\PlayerAttack\FIreAttack</Filter>
    </ClInclude>
    <ClInclude Include="PlayerWindAttack.hpp">
      <Filter>Source\Player\PlayerAttack\WindAttack</Filter>
    </ClInclude>
    <ClInclude Include="PlayerWaterAttack.hpp">
      <Filter>Source\Player\PlayerAttack\WaterAttack</Filter>
    </ClInclude>
    <ClInclude Include="ObjectPool.hpp">
      <Filter>Source\Objectpool</Filter>
    </ClInclude>
    <ClInclude Include="BulletManager.hpp">
      <Filter>Source\Bullet</Filter>
    </ClInclude>
    <ClInclude Include="AnimaterBase.hpp">
      <Filter>Source\Animation</Filter>
    </ClInclude>
    <ClInclude Include="AnimationData.hpp">
      <Filter>Source\Animation</Filter>
    </ClInclude>
    <ClInclude Include="EnemyState.hpp">
      <Filter>Source\Enemy\EnemyAnim</Filter>
    </ClInclude>
    <ClInclude Include="PlayerMove.hpp">
      <Filter>Source\Player\PlayeMove</Filter>
    </ClInclude>
    <ClInclude Include="PlayerAnimater.hpp">
      <Filter>Source\Player\PlayerAnimation</Filter>
    </ClInclude>
    <ClInclude Include="PlayerState.hpp">
      <Filter>Source\Player\PlayerAnimation</Filter>
    </ClInclude>
    <ClInclude Include="Bullet.hpp">
      <Filter>Source\Bullet</Filter>
    </ClInclude>
    <ClInclude Include="HitChecker.hpp">
      <Filter>Source\HitChecker</Filter>
    </ClInclude>
    <ClInclude Include="Camera.hpp">
      <Filter>Source\Camera</Filter>
    </ClInclude>
    <ClInclude Include="UiManager.hpp">
      <Filter>Source\Ui</Filter>
    </ClInclude>
    <ClInclude Include="UiBase.hpp">
      <Filter>Source\Ui</Filter>
    </ClInclude>
    <ClInclude Include="GameManager.hpp">
      <Filter>Source</Filter>
    </ClInclude>
    <ClInclude Include="Chase.hpp">
      <Filter>Source\Enemy\Chase</Filter>
    </ClInclude>
    <ClInclude Include="Sound.hpp">
      <Filter>Source</Filter>
    </ClInclude>
  </ItemGroup>
</Project>