<?xml version="1.0" encoding="utf-8"?>
<Project ToolsVersion="4.0" xmlns="http://schemas.microsoft.com/developer/msbuild/2003">
  <ItemGroup>
    <Filter Include="GameCode">
      <UniqueIdentifier>{0ed5d6ab-4da2-4a53-a125-1a3565d685f1}</UniqueIdentifier>
    </Filter>
    <Filter Include="GameCode\Animater">
      <UniqueIdentifier>{8a7af727-472c-4ff3-bc8c-de8db30de933}</UniqueIdentifier>
    </Filter>
    <Filter Include="GameCode\Main">
      <UniqueIdentifier>{1630198d-5d2b-4195-98d3-5a8a86236c06}</UniqueIdentifier>
    </Filter>
    <Filter Include="GameCode\Inpput">
      <UniqueIdentifier>{f1f0b8e3-3e25-4ec1-8ed7-26694f80a6bd}</UniqueIdentifier>
    </Filter>
    <Filter Include="GameCode\GameObject">
      <UniqueIdentifier>{31df1314-f410-4b59-89ef-692b17fb5df2}</UniqueIdentifier>
    </Filter>
    <Filter Include="GameCode\GameObject\Character">
      <UniqueIdentifier>{44c70365-2c34-4c55-9ffd-ce12fa67fd3e}</UniqueIdentifier>
    </Filter>
    <Filter Include="GameCode\GameObject\Character\Player">
      <UniqueIdentifier>{3ae4b057-6ff8-4fef-8ca6-6e1f53dab1b4}</UniqueIdentifier>
    </Filter>
    <Filter Include="GameCode\GameObject\Character\Player\Animater">
      <UniqueIdentifier>{c9a1fd2e-df6c-4527-816b-9c3fcc741959}</UniqueIdentifier>
    </Filter>
    <Filter Include="GameCode\GameObject\Character\Player\Move">
      <UniqueIdentifier>{a116cb2a-59b3-4a85-bc1e-ec72205a1c2b}</UniqueIdentifier>
    </Filter>
    <Filter Include="GameCode\GameObject\Character\Enemy">
      <UniqueIdentifier>{41489dde-1c7d-4197-9590-ca1e67e52970}</UniqueIdentifier>
    </Filter>
    <Filter Include="GameCode\GameObject\Character\Enemy\Move">
      <UniqueIdentifier>{fca42b90-0ee5-4188-b4d2-34cbf2748018}</UniqueIdentifier>
    </Filter>
    <Filter Include="GameCode\Environment">
      <UniqueIdentifier>{5ed39de5-b1fb-424c-812e-28e58d93450b}</UniqueIdentifier>
    </Filter>
    <Filter Include="GameCode\Environment\SkyDome">
      <UniqueIdentifier>{ba652bd0-37eb-480a-b89d-85709301f163}</UniqueIdentifier>
    </Filter>
    <Filter Include="GameCode\Environment\Stage">
      <UniqueIdentifier>{4e716f77-8fb7-4d80-989d-34c442ce9799}</UniqueIdentifier>
    </Filter>
    <Filter Include="GameCode\Environment\Shadow">
      <UniqueIdentifier>{b3143ca5-715c-4aee-8871-30f6ae60ffe1}</UniqueIdentifier>
    </Filter>
    <Filter Include="GameCode\Effects">
      <UniqueIdentifier>{ff3be3ed-27f5-431a-8258-fc9582e7d245}</UniqueIdentifier>
    </Filter>
    <Filter Include="GameCode\Collision">
      <UniqueIdentifier>{0fdaeebd-f235-4297-8031-1b410dabd82d}</UniqueIdentifier>
    </Filter>
    <Filter Include="GameCode\Camera">
      <UniqueIdentifier>{00abc5e3-3331-4a32-bcf5-196bb59f760d}</UniqueIdentifier>
    </Filter>
    <Filter Include="GameCode\Bullet">
      <UniqueIdentifier>{37e8ccf7-5977-4174-a3ba-8827119e09e2}</UniqueIdentifier>
    </Filter>
    <Filter Include="GameCode\Scene">
      <UniqueIdentifier>{6fff5b48-3074-486d-8207-a09793066e48}</UniqueIdentifier>
    </Filter>
    <Filter Include="GameCode\Scene\GameScene">
      <UniqueIdentifier>{9e3164bc-939c-42ba-b6bd-1d1f8dfa74de}</UniqueIdentifier>
    </Filter>
    <Filter Include="GameCode\Scene\TitleScene">
      <UniqueIdentifier>{019dfc99-19f5-4915-a0a1-088397964c81}</UniqueIdentifier>
    </Filter>
    <Filter Include="GameCode\Scene\SceneManager">
      <UniqueIdentifier>{75e373ad-e0ad-4ec6-baaa-1d5d5f2624d8}</UniqueIdentifier>
    </Filter>
    <Filter Include="GameCode\Scene\GameOverScene">
      <UniqueIdentifier>{98b79714-910f-4efe-9aa6-ddc107ef16e9}</UniqueIdentifier>
    </Filter>
    <Filter Include="GameCode\Tool">
      <UniqueIdentifier>{051b75a7-5bbf-410d-8c39-4c9026fb5564}</UniqueIdentifier>
    </Filter>
    <Filter Include="GameCode\UI">
      <UniqueIdentifier>{a9c3ee61-d804-4a2e-b3ec-5b0739e3ac54}</UniqueIdentifier>
    </Filter>
    <Filter Include="GameCode\UI\HpBar">
      <UniqueIdentifier>{f9e80f33-fa24-4791-a5dd-d439cb7043d4}</UniqueIdentifier>
    </Filter>
    <Filter Include="GameCode\UI\DashBar">
      <UniqueIdentifier>{ee9a0b3a-dc3f-4652-b604-8068cc185efc}</UniqueIdentifier>
    </Filter>
    <Filter Include="GameCode\UI\reticle">
      <UniqueIdentifier>{73d38cff-7ce7-45f0-9c8d-e0af0a862a95}</UniqueIdentifier>
    </Filter>
    <Filter Include="GameCode\UI\TEXT">
      <UniqueIdentifier>{fafbbafd-1f27-4cd1-8a8a-9f1988d76b5f}</UniqueIdentifier>
    </Filter>
    <Filter Include="GameCode\UI\TakeDamage">
      <UniqueIdentifier>{29bd283d-d3ba-4d3b-8fde-f852a0c70624}</UniqueIdentifier>
    </Filter>
    <Filter Include="GameCode\Scene\GameClearScene">
      <UniqueIdentifier>{0d699f37-03b0-468d-9de6-01e716559558}</UniqueIdentifier>
    </Filter>
    <Filter Include="GameCode\UI\SceneGraph">
      <UniqueIdentifier>{4e95de11-1039-4eb8-aeb5-0d0417241474}</UniqueIdentifier>
    </Filter>
    <Filter Include="GameCode\UI\Timer">
      <UniqueIdentifier>{3b74f323-f342-4d8f-814c-cfb567308a25}</UniqueIdentifier>
    </Filter>
    <Filter Include="GameCode\Scene\Tutorial">
      <UniqueIdentifier>{261a3540-8a27-476d-8654-fe0cb5ab80b8}</UniqueIdentifier>
    </Filter>
    <Filter Include="GameCode\Crystal">
      <UniqueIdentifier>{4d375047-6e4a-4de8-a977-e9db483827e4}</UniqueIdentifier>
    </Filter>
    <Filter Include="GameCode\GameObject\Character\Enemy\EnemyState">
      <UniqueIdentifier>{2e8f4245-fb66-4571-8f76-8f7f06e017f7}</UniqueIdentifier>
    </Filter>
    <Filter Include="GameCode\GameObject\Character\CharacterBase">
      <UniqueIdentifier>{caf188e4-9c79-4410-80c8-526c2b23ec95}</UniqueIdentifier>
    </Filter>
    <Filter Include="GameCode\GameObject\Character\Player\PlayerState">
      <UniqueIdentifier>{448071cf-36c1-4e4c-99cc-fb26bea020b4}</UniqueIdentifier>
    </Filter>
    <Filter Include="GameCode\GameObject\Character\Player\PlayerState\LaserBeam">
      <UniqueIdentifier>{3907de9f-7abc-4aea-b4a4-018ba8ae8f8e}</UniqueIdentifier>
    </Filter>
    <Filter Include="GameCode\GameObject\Character\Player\PlayerState\PlayerAttack">
      <UniqueIdentifier>{49f1fced-3f3b-42cc-b3dd-0ffdc00de1cd}</UniqueIdentifier>
    </Filter>
    <Filter Include="GameCode\GameObject\Character\Player\PlayerState\PlayerStateBase">
      <UniqueIdentifier>{36e32055-ec00-46b8-8fc7-3348e2293c62}</UniqueIdentifier>
    </Filter>
    <Filter Include="GameCode\GameObject\Character\Player\PlayerState\PlayerStateIdle">
      <UniqueIdentifier>{aead15ad-a82c-473b-9874-1d3bdcb6c073}</UniqueIdentifier>
    </Filter>
    <Filter Include="GameCode\GameObject\Character\Enemy\EnemyAnimater">
      <UniqueIdentifier>{60025210-6a98-4fd0-97e4-383d864db5de}</UniqueIdentifier>
    </Filter>
    <Filter Include="GameCode\GameObject\Character\Enemy\EnemyState\EnemyStateBase">
      <UniqueIdentifier>{2eb93fbf-7e69-4361-9947-0903a8632651}</UniqueIdentifier>
    </Filter>
    <Filter Include="GameCode\GameObject\Character\Enemy\EnemyState\EnemyStateCharge">
      <UniqueIdentifier>{5b85262e-50bf-4eeb-b956-7270ea5e2bb0}</UniqueIdentifier>
    </Filter>
    <Filter Include="GameCode\GameObject\Character\Enemy\EnemyState\EnemyStateDodge">
      <UniqueIdentifier>{29aa1319-c831-4528-b347-bc9909289c22}</UniqueIdentifier>
    </Filter>
    <Filter Include="GameCode\GameObject\Character\Enemy\EnemyState\EnemyStateIdle">
      <UniqueIdentifier>{1a35fb27-804e-4633-b666-857ffb74c856}</UniqueIdentifier>
    </Filter>
    <Filter Include="GameCode\GameObject\Character\Enemy\EnemyState\EnemyStateChase">
      <UniqueIdentifier>{a16fd2fe-d7fb-40fb-bdbd-e6ec0a151933}</UniqueIdentifier>
    </Filter>
    <Filter Include="GameCode\GameObject\Character\Enemy\EnemyState\EnemyStateAttack">
      <UniqueIdentifier>{b5e2afb7-80e7-420a-a0e6-9a64baffc63c}</UniqueIdentifier>
    </Filter>
    <Filter Include="GameCode\GameObject\Character\Enemy\EnemyState\EnemyStateFlaot">
      <UniqueIdentifier>{a46d5533-35dc-434a-ad43-35d168dcf8d8}</UniqueIdentifier>
    </Filter>
    <Filter Include="GameCode\GameObject\Character\Enemy\EnemyState\EnemyStateAttack\EnemyStateSpecial">
      <UniqueIdentifier>{e84dc864-ee3c-47eb-8e2b-98e9d20bb4d5}</UniqueIdentifier>
    </Filter>
    <Filter Include="GameCode\GameObject\Character\Enemy\EnemyState\EnemyStateStun">
      <UniqueIdentifier>{f3992852-df9f-46bc-8447-b8b45bdab094}</UniqueIdentifier>
    </Filter>
    <Filter Include="GameCode\BGM">
      <UniqueIdentifier>{55800494-bb2c-4e05-bb26-b00721b0a5ab}</UniqueIdentifier>
    </Filter>
    <Filter Include="GameCode\GameObject\Character\Enemy\EnemyState\EnemyStateChoseAttack">
      <UniqueIdentifier>{07b6bcde-ba62-41b6-a2ba-d0146b4b67dc}</UniqueIdentifier>
    </Filter>
    <Filter Include="GameCode\GameObject\Character\Enemy\EnemyState\EnemyStateOnDamage">
      <UniqueIdentifier>{c06cd908-887e-419e-83f7-c5f79320667e}</UniqueIdentifier>
    </Filter>
  </ItemGroup>
  <ItemGroup>
    <ClInclude Include="GameObject.hpp">
      <Filter>GameCode\GameObject</Filter>
    </ClInclude>
    <ClInclude Include="AnimaterBase.hpp">
      <Filter>GameCode\Animater</Filter>
    </ClInclude>
    <ClInclude Include="AnimationData.hpp">
      <Filter>GameCode\Animater</Filter>
    </ClInclude>
    <ClInclude Include="Player.hpp">
      <Filter>GameCode\GameObject\Character\Player</Filter>
    </ClInclude>
    <ClInclude Include="Bullet.hpp">
      <Filter>GameCode\Bullet</Filter>
    </ClInclude>
    <ClInclude Include="BulletCreator.hpp">
      <Filter>GameCode\Bullet</Filter>
    </ClInclude>
    <ClInclude Include="Color.hpp">
      <Filter>GameCode\Tool</Filter>
    </ClInclude>
    <ClInclude Include="Pallet.hpp">
      <Filter>GameCode\Tool</Filter>
    </ClInclude>
    <ClInclude Include="Shadow.hpp">
      <Filter>GameCode\Environment\Shadow</Filter>
    </ClInclude>
    <ClInclude Include="Input.hpp">
      <Filter>GameCode\Inpput</Filter>
    </ClInclude>
    <ClInclude Include="json.hpp">
      <Filter>GameCode\Tool</Filter>
    </ClInclude>
    <ClInclude Include="Camera.hpp">
      <Filter>GameCode\Camera</Filter>
    </ClInclude>
    <ClInclude Include="Stage.hpp">
      <Filter>GameCode\Environment\Stage</Filter>
    </ClInclude>
    <ClInclude Include="GameScene.hpp">
      <Filter>GameCode\Scene\GameScene</Filter>
    </ClInclude>
    <ClInclude Include="PlayerAnimater.hpp">
      <Filter>GameCode\GameObject\Character\Player\Animater</Filter>
    </ClInclude>
    <ClInclude Include="Skydome.hpp">
      <Filter>GameCode\Environment\SkyDome</Filter>
    </ClInclude>
    <ClInclude Include="TitleScene.hpp">
      <Filter>GameCode\Scene\TitleScene</Filter>
    </ClInclude>
    <ClInclude Include="Enemy.hpp">
      <Filter>GameCode\GameObject\Character\Enemy</Filter>
    </ClInclude>
    <ClInclude Include="EnemyAnimater.hpp">
      <Filter>GameCode\GameObject\Character\Enemy\EnemyAnimater</Filter>
    </ClInclude>
    <ClInclude Include="stdafx.hpp">
      <Filter>GameCode\Tool</Filter>
    </ClInclude>
    <ClInclude Include="BulletFire.hpp">
      <Filter>GameCode\Bullet</Filter>
    </ClInclude>
    <ClInclude Include="PlayerMove.hpp">
      <Filter>GameCode\GameObject\Character\Player\Move</Filter>
    </ClInclude>
    <ClInclude Include="Collision.hpp">
      <Filter>GameCode\Collision</Filter>
    </ClInclude>
    <ClInclude Include="CollisionSystem.hpp">
      <Filter>GameCode\Collision</Filter>
    </ClInclude>
    <ClInclude Include="UiManager.hpp">
      <Filter>GameCode\UI</Filter>
    </ClInclude>
    <ClInclude Include="UiEnemyHpBar.hpp">
      <Filter>GameCode\UI\HpBar</Filter>
    </ClInclude>
    <ClInclude Include="UiHpBar.hpp">
      <Filter>GameCode\UI\HpBar</Filter>
    </ClInclude>
    <ClInclude Include="GameTimer.hpp">
      <Filter>GameCode\UI\Timer</Filter>
    </ClInclude>
    <ClInclude Include="Screen.hpp">
      <Filter>GameCode\Tool</Filter>
    </ClInclude>
    <ClInclude Include="EffectCreator.hpp">
      <Filter>GameCode\Effects</Filter>
    </ClInclude>
    <ClInclude Include="Scene.hpp">
      <Filter>GameCode\Scene\SceneManager</Filter>
    </ClInclude>
    <ClInclude Include="SceneManager.hpp">
      <Filter>GameCode\Scene\SceneManager</Filter>
    </ClInclude>
    <ClInclude Include="UiDashBar.hpp">
      <Filter>GameCode\UI\DashBar</Filter>
    </ClInclude>
    <ClInclude Include="Reticle.hpp">
      <Filter>GameCode\UI\reticle</Filter>
    </ClInclude>
    <ClInclude Include="Text.hpp">
      <Filter>GameCode\UI\TEXT</Filter>
    </ClInclude>
    <ClInclude Include="GameOverScene.hpp">
      <Filter>GameCode\Scene\GameOverScene</Filter>
    </ClInclude>
    <ClInclude Include="SharedData.hpp">
      <Filter>GameCode</Filter>
    </ClInclude>
    <ClInclude Include="TakeDamageUi.hpp">
      <Filter>GameCode\UI\TakeDamage</Filter>
    </ClInclude>
    <ClInclude Include="GameClearScene.hpp">
      <Filter>GameCode\Scene\GameClearScene</Filter>
    </ClInclude>
    <ClInclude Include="SceneGraph.hpp">
      <Filter>GameCode\UI\SceneGraph</Filter>
    </ClInclude>
    <ClInclude Include="Tutorial.hpp">
      <Filter>GameCode\Scene\Tutorial</Filter>
    </ClInclude>
    <ClInclude Include="Crystal.hpp">
      <Filter>GameCode\Crystal</Filter>
    </ClInclude>
    <ClInclude Include="IState.hpp">
      <Filter>GameCode\GameObject\Character</Filter>
    </ClInclude>
    <ClInclude Include="CharacterBase.hpp">
      <Filter>GameCode\GameObject\Character\CharacterBase</Filter>
    </ClInclude>
    <ClInclude Include="ObjectAccessor.hpp">
      <Filter>GameCode</Filter>
    </ClInclude>
    <ClInclude Include="PlayerAttack.hpp">
      <Filter>GameCode\GameObject\Character\Player\PlayerState\PlayerAttack</Filter>
    </ClInclude>
    <ClInclude Include="src\PlayerState\PlayerStateLaser.hpp">
      <Filter>GameCode\GameObject\Character\Player\PlayerState\LaserBeam</Filter>
    </ClInclude>
    <ClInclude Include="PlayerStateBase.hpp">
      <Filter>GameCode\GameObject\Character\Player\PlayerState\PlayerStateBase</Filter>
    </ClInclude>
    <ClInclude Include="src\PlayerState\PlayerStateIdle.hpp">
      <Filter>GameCode\GameObject\Character\Player\PlayerState\PlayerStateIdle</Filter>
    </ClInclude>
    <ClInclude Include="PlayerStateKind.hpp">
      <Filter>GameCode\GameObject\Character\Player\PlayerState\PlayerStateBase</Filter>
    </ClInclude>
    <ClInclude Include="src\EnemyState\EnemyStateIdle.hpp">
      <Filter>GameCode\GameObject\Character\Enemy\EnemyState\EnemyStateIdle</Filter>
    </ClInclude>
    <ClInclude Include="EnemyStateBase.hpp">
      <Filter>GameCode\GameObject\Character\Enemy\EnemyState\EnemyStateBase</Filter>
    </ClInclude>
    <ClInclude Include="src\EnemyState\EnemyStateCharge.hpp">
      <Filter>GameCode\GameObject\Character\Enemy\EnemyState\EnemyStateCharge</Filter>
    </ClInclude>
    <ClInclude Include="src\EnemyState\EnemyStateDodge.hpp">
      <Filter>GameCode\GameObject\Character\Enemy\EnemyState\EnemyStateDodge</Filter>
    </ClInclude>
    <ClInclude Include="src\EnemyState\EnemyStateChase.hpp">
      <Filter>GameCode\GameObject\Character\Enemy\EnemyState\EnemyStateChase</Filter>
    </ClInclude>
    <ClInclude Include="src\EnemyState\EnemyAttackBase.hpp">
      <Filter>GameCode\GameObject\Character\Enemy\EnemyState\EnemyStateAttack</Filter>
    </ClInclude>
    <ClInclude Include="src\EnemyState\StateFireAttack.hpp">
      <Filter>GameCode\GameObject\Character\Enemy\EnemyState\EnemyStateAttack</Filter>
    </ClInclude>
    <ClInclude Include="src\EnemyState\StateWaterAttack.hpp">
      <Filter>GameCode\GameObject\Character\Enemy\EnemyState\EnemyStateAttack</Filter>
    </ClInclude>
    <ClInclude Include="src\EnemyState\StateWindAttack.hpp">
      <Filter>GameCode\GameObject\Character\Enemy\EnemyState\EnemyStateAttack</Filter>
    </ClInclude>
    <ClInclude Include="EnemyStateKind.hpp">
      <Filter>GameCode\GameObject\Character\Enemy\EnemyState</Filter>
    </ClInclude>
    <ClInclude Include="src\EnemyState\EnemyStateSpecialAttack.hpp">
      <Filter>GameCode\GameObject\Character\Enemy\EnemyState\EnemyStateAttack\EnemyStateSpecial</Filter>
    </ClInclude>
    <ClInclude Include="src\EnemyState\EnemyStateSpecialCharge.hpp">
      <Filter>GameCode\GameObject\Character\Enemy\EnemyState\EnemyStateAttack\EnemyStateSpecial</Filter>
    </ClInclude>
    <ClInclude Include="src\EnemyState\EnemyStateFloat.hpp">
      <Filter>GameCode\GameObject\Character\Enemy\EnemyState\EnemyStateFlaot</Filter>
    </ClInclude>
    <ClInclude Include="src\EnemyState\EnemyStateStun.hpp">
      <Filter>GameCode\GameObject\Character\Enemy\EnemyState\EnemyStateStun</Filter>
    </ClInclude>
    <ClInclude Include="src\Sounds\SoundManager.hpp">
      <Filter>GameCode\BGM</Filter>
    </ClInclude>
    <ClInclude Include="src\EnemyState\EnemyStateChoseAttack.hpp">
      <Filter>GameCode\GameObject\Character\Enemy\EnemyState\EnemyStateChoseAttack</Filter>
    </ClInclude>
    <ClInclude Include="src\EnemyState\EnemyStateOnDamage.hpp">
      <Filter>GameCode\GameObject\Character\Enemy\EnemyState\EnemyStateOnDamage</Filter>
    </ClInclude>
  </ItemGroup>
  <ItemGroup>
    <ClCompile Include="main.cpp">
      <Filter>GameCode\Main</Filter>
    </ClCompile>
    <ClCompile Include="AnimaterBase.cpp">
      <Filter>GameCode\Animater</Filter>
    </ClCompile>
    <ClCompile Include="Player.cpp">
      <Filter>GameCode\GameObject\Character\Player</Filter>
    </ClCompile>
    <ClCompile Include="Bullet.cpp">
      <Filter>GameCode\Bullet</Filter>
    </ClCompile>
    <ClCompile Include="BulletCreator.cpp">
      <Filter>GameCode\Bullet</Filter>
    </ClCompile>
    <ClCompile Include="Color.cpp">
      <Filter>GameCode\Tool</Filter>
    </ClCompile>
    <ClCompile Include="Shadow.cpp">
      <Filter>GameCode\Environment\Shadow</Filter>
    </ClCompile>
    <ClCompile Include="Input.cpp">
      <Filter>GameCode\Inpput</Filter>
    </ClCompile>
    <ClCompile Include="Camera.cpp">
      <Filter>GameCode\Camera</Filter>
    </ClCompile>
    <ClCompile Include="Stage.cpp">
      <Filter>GameCode\Environment\Stage</Filter>
    </ClCompile>
    <ClCompile Include="GameScene.cpp">
      <Filter>GameCode\Scene\GameScene</Filter>
    </ClCompile>
    <ClCompile Include="PlayerAnimater.cpp">
      <Filter>GameCode\GameObject\Character\Player\Animater</Filter>
    </ClCompile>
    <ClCompile Include="Skydome.cpp">
      <Filter>GameCode\Environment\SkyDome</Filter>
    </ClCompile>
    <ClCompile Include="TitleScene.cpp">
      <Filter>GameCode\Scene\TitleScene</Filter>
    </ClCompile>
    <ClCompile Include="Enemy.cpp">
      <Filter>GameCode\GameObject\Character\Enemy</Filter>
    </ClCompile>
    <ClCompile Include="EnemyAnimater.cpp">
      <Filter>GameCode\GameObject\Character\Enemy\EnemyAnimater</Filter>
    </ClCompile>
    <ClCompile Include="stdafx.cpp">
      <Filter>GameCode\Tool</Filter>
    </ClCompile>
    <ClCompile Include="BulletFire.cpp">
      <Filter>GameCode\Bullet</Filter>
    </ClCompile>
    <ClCompile Include="PlayerMove.cpp">
      <Filter>GameCode\GameObject\Character\Player\Move</Filter>
    </ClCompile>
    <ClCompile Include="Collision.cpp">
      <Filter>GameCode\Collision</Filter>
    </ClCompile>
    <ClCompile Include="CollisionSystem.cpp">
      <Filter>GameCode\Collision</Filter>
    </ClCompile>
    <ClCompile Include="UiManager.cpp">
      <Filter>GameCode\UI</Filter>
    </ClCompile>
    <ClCompile Include="UiEnemyHpBar.cpp">
      <Filter>GameCode\UI\HpBar</Filter>
    </ClCompile>
    <ClCompile Include="UiHpBar.cpp">
      <Filter>GameCode\UI\HpBar</Filter>
    </ClCompile>
    <ClCompile Include="GameTimer.cpp">
      <Filter>GameCode\UI\Timer</Filter>
    </ClCompile>
    <ClCompile Include="Scene.cpp">
      <Filter>GameCode\Scene\SceneManager</Filter>
    </ClCompile>
    <ClCompile Include="SceneManager.cpp">
      <Filter>GameCode\Scene\SceneManager</Filter>
    </ClCompile>
    <ClCompile Include="EffectCreator.cpp">
      <Filter>GameCode\Effects</Filter>
    </ClCompile>
    <ClCompile Include="UiDashBar.cpp">
      <Filter>GameCode\UI\DashBar</Filter>
    </ClCompile>
    <ClCompile Include="Reticle.cpp">
      <Filter>GameCode\UI\reticle</Filter>
    </ClCompile>
    <ClCompile Include="Text.cpp">
      <Filter>GameCode\UI\TEXT</Filter>
    </ClCompile>
    <ClCompile Include="GameOverScene.cpp">
      <Filter>GameCode\Scene\GameOverScene</Filter>
    </ClCompile>
    <ClCompile Include="SharedData.cpp">
      <Filter>GameCode</Filter>
    </ClCompile>
    <ClCompile Include="TakeDamageUi.cpp">
      <Filter>GameCode\UI\TakeDamage</Filter>
    </ClCompile>
    <ClCompile Include="GameClearScene.cpp">
      <Filter>GameCode\Scene\GameClearScene</Filter>
    </ClCompile>
    <ClCompile Include="SceneGraph.cpp">
      <Filter>GameCode\UI\SceneGraph</Filter>
    </ClCompile>
    <ClCompile Include="Tutorial.cpp">
      <Filter>GameCode\Scene\Tutorial</Filter>
    </ClCompile>
    <ClCompile Include="Crystal.cpp">
      <Filter>GameCode\Crystal</Filter>
    </ClCompile>
    <ClCompile Include="CharacterBase.cpp">
      <Filter>GameCode\GameObject\Character\CharacterBase</Filter>
    </ClCompile>
    <ClCompile Include="PlayerAttack.cpp">
      <Filter>GameCode\GameObject\Character\Player\PlayerState\PlayerAttack</Filter>
    </ClCompile>
    <ClCompile Include="src\PlayerState\PlayerStateLaser.cpp">
      <Filter>GameCode\GameObject\Character\Player\PlayerState\LaserBeam</Filter>
    </ClCompile>
    <ClCompile Include="PlayerStateBase.cpp">
      <Filter>GameCode\GameObject\Character\Player\PlayerState\PlayerStateBase</Filter>
    </ClCompile>
    <ClCompile Include="src\PlayerState\PlayerStateIdle.cpp">
      <Filter>GameCode\GameObject\Character\Player\PlayerState\PlayerStateIdle</Filter>
    </ClCompile>
    <ClCompile Include="src\EnemyState\EnemyStateIdle.cpp">
      <Filter>GameCode\GameObject\Character\Enemy\EnemyState\EnemyStateIdle</Filter>
    </ClCompile>
    <ClCompile Include="EnemyStateBase.cpp">
      <Filter>GameCode\GameObject\Character\Enemy\EnemyState\EnemyStateBase</Filter>
    </ClCompile>
    <ClCompile Include="src\EnemyState\EnemyStateCharge.cpp">
      <Filter>GameCode\GameObject\Character\Enemy\EnemyState\EnemyStateCharge</Filter>
    </ClCompile>
    <ClCompile Include="src\EnemyState\EnemyStateDodge.cpp">
      <Filter>GameCode\GameObject\Character\Enemy\EnemyState\EnemyStateDodge</Filter>
    </ClCompile>
    <ClCompile Include="src\EnemyState\EnemyStateChase.cpp">
      <Filter>GameCode\GameObject\Character\Enemy\EnemyState\EnemyStateChase</Filter>
    </ClCompile>
    <ClCompile Include="src\EnemyState\EnemyAttackBase.cpp">
      <Filter>GameCode\GameObject\Character\Enemy\EnemyState\EnemyStateAttack</Filter>
    </ClCompile>
    <ClCompile Include="src\EnemyState\StateFireAttack.cpp">
      <Filter>GameCode\GameObject\Character\Enemy\EnemyState\EnemyStateAttack</Filter>
    </ClCompile>
    <ClCompile Include="src\EnemyState\StateWaterAttack.cpp">
      <Filter>GameCode\GameObject\Character\Enemy\EnemyState\EnemyStateAttack</Filter>
    </ClCompile>
    <ClCompile Include="src\EnemyState\StateWindAttack.cpp">
      <Filter>GameCode\GameObject\Character\Enemy\EnemyState\EnemyStateAttack</Filter>
    </ClCompile>
    <ClCompile Include="src\EnemyState\EnemyStateSpecialAttack.cpp">
      <Filter>GameCode\GameObject\Character\Enemy\EnemyState\EnemyStateAttack\EnemyStateSpecial</Filter>
    </ClCompile>
    <ClCompile Include="src\EnemyState\EnemyStateSpecialCharge.cpp">
      <Filter>GameCode\GameObject\Character\Enemy\EnemyState\EnemyStateAttack\EnemyStateSpecial</Filter>
    </ClCompile>
    <ClCompile Include="src\EnemyState\EnemyStateFloat.cpp">
      <Filter>GameCode\GameObject\Character\Enemy\EnemyState\EnemyStateFlaot</Filter>
    </ClCompile>
    <ClCompile Include="src\EnemyState\EnemyStateStun.cpp">
      <Filter>GameCode\GameObject\Character\Enemy\EnemyState\EnemyStateStun</Filter>
    </ClCompile>
    <ClCompile Include="src\Sounds\SoundManager.cpp">
      <Filter>GameCode\BGM</Filter>
    </ClCompile>
    <ClCompile Include="src\GameObjects\GameObject.cpp">
      <Filter>GameCode\GameObject</Filter>
    </ClCompile>
    <ClCompile Include="src\EnemyState\EnemyStateChoseAttack.cpp">
      <Filter>GameCode\GameObject\Character\Enemy\EnemyState\EnemyStateChoseAttack</Filter>
    </ClCompile>
    <ClCompile Include="src\EnemyState\EnemyStateOnDamage.cpp">
      <Filter>GameCode\GameObject\Character\Enemy\EnemyState\EnemyStateOnDamage</Filter>
    </ClCompile>
  </ItemGroup>
  <ItemGroup>
    <None Include="camera.json">
      <Filter>GameCode\Camera</Filter>
    </None>
    <None Include="Crystal.json">
      <Filter>GameCode\Crystal</Filter>
    </None>
    <None Include="EffectCreator.json">
      <Filter>GameCode\Effects</Filter>
    </None>
    <None Include="Player.json">
      <Filter>GameCode\GameObject\Character\Player</Filter>
    </None>
    <None Include="Stage.json">
      <Filter>GameCode\Environment\Stage</Filter>
    </None>
    <None Include="Enemy.json">
      <Filter>GameCode\GameObject\Character\Enemy</Filter>
    </None>
  </ItemGroup>
</Project>